// !$*UTF8*$!
{
	archiveVersion = 1;
	classes = {
	};
	objectVersion = 55;
	objects = {

/* Begin PBXBuildFile section */
		9A1E60DA274A564B000D8784 /* LandmarkRow.swift in Sources */ = {isa = PBXBuildFile; fileRef = 9A1E60D9274A564B000D8784 /* LandmarkRow.swift */; };
		9A1E60DC274A57BA000D8784 /* LandmarkList.swift in Sources */ = {isa = PBXBuildFile; fileRef = 9A1E60DB274A57BA000D8784 /* LandmarkList.swift */; };
		9A1E60DE274A8BBC000D8784 /* LandmarkDetail.swift in Sources */ = {isa = PBXBuildFile; fileRef = 9A1E60DD274A8BBC000D8784 /* LandmarkDetail.swift */; };
		9A1E60E0274A8EA4000D8784 /* ContentView.swift in Sources */ = {isa = PBXBuildFile; fileRef = 9A1E60DF274A8EA4000D8784 /* ContentView.swift */; };
		9A9F1B3E274BD56400D7FB3A /* FavoriteButton.swift in Sources */ = {isa = PBXBuildFile; fileRef = 9A9F1B3D274BD56400D7FB3A /* FavoriteButton.swift */; };
		9ABABF0A273A9D3C0049D9C1 /* LandmarksApp.swift in Sources */ = {isa = PBXBuildFile; fileRef = 9ABABF09273A9D3C0049D9C1 /* LandmarksApp.swift */; };
		9ABABF0E273A9D3D0049D9C1 /* Assets.xcassets in Resources */ = {isa = PBXBuildFile; fileRef = 9ABABF0D273A9D3D0049D9C1 /* Assets.xcassets */; };
		9ABABF11273A9D3D0049D9C1 /* Preview Assets.xcassets in Resources */ = {isa = PBXBuildFile; fileRef = 9ABABF10273A9D3D0049D9C1 /* Preview Assets.xcassets */; };
		9ABABF1B273A9D3D0049D9C1 /* LandmarksTests.swift in Sources */ = {isa = PBXBuildFile; fileRef = 9ABABF1A273A9D3D0049D9C1 /* LandmarksTests.swift */; };
		9ABABF25273A9D3D0049D9C1 /* LandmarksUITests.swift in Sources */ = {isa = PBXBuildFile; fileRef = 9ABABF24273A9D3D0049D9C1 /* LandmarksUITests.swift */; };
		9ABABF27273A9D3D0049D9C1 /* LandmarksUITestsLaunchTests.swift in Sources */ = {isa = PBXBuildFile; fileRef = 9ABABF26273A9D3D0049D9C1 /* LandmarksUITestsLaunchTests.swift */; };
		9ABABF34273AA6290049D9C1 /* CircleImage.swift in Sources */ = {isa = PBXBuildFile; fileRef = 9ABABF33273AA6290049D9C1 /* CircleImage.swift */; };
		9ABABF36273AA9A90049D9C1 /* MapView.swift in Sources */ = {isa = PBXBuildFile; fileRef = 9ABABF35273AA9A90049D9C1 /* MapView.swift */; };
		9ABABF38273CE2A70049D9C1 /* landmarkData.json in Resources */ = {isa = PBXBuildFile; fileRef = 9ABABF37273CE2A70049D9C1 /* landmarkData.json */; };
		9ABABF3A273CE2DE0049D9C1 /* Landmark.swift in Sources */ = {isa = PBXBuildFile; fileRef = 9ABABF39273CE2DE0049D9C1 /* Landmark.swift */; };
		9ABABF3C273CE55E0049D9C1 /* ModelData.swift in Sources */ = {isa = PBXBuildFile; fileRef = 9ABABF3B273CE55E0049D9C1 /* ModelData.swift */; };
/* End PBXBuildFile section */

/* Begin PBXContainerItemProxy section */
		9ABABF17273A9D3D0049D9C1 /* PBXContainerItemProxy */ = {
			isa = PBXContainerItemProxy;
			containerPortal = 9ABABEFE273A9D3C0049D9C1 /* Project object */;
			proxyType = 1;
			remoteGlobalIDString = 9ABABF05273A9D3C0049D9C1;
			remoteInfo = Landmarks;
		};
		9ABABF21273A9D3D0049D9C1 /* PBXContainerItemProxy */ = {
			isa = PBXContainerItemProxy;
			containerPortal = 9ABABEFE273A9D3C0049D9C1 /* Project object */;
			proxyType = 1;
			remoteGlobalIDString = 9ABABF05273A9D3C0049D9C1;
			remoteInfo = Landmarks;
		};
/* End PBXContainerItemProxy section */

/* Begin PBXFileReference section */
		9A1E60D9274A564B000D8784 /* LandmarkRow.swift */ = {isa = PBXFileReference; lastKnownFileType = sourcecode.swift; path = LandmarkRow.swift; sourceTree = "<group>"; };
		9A1E60DB274A57BA000D8784 /* LandmarkList.swift */ = {isa = PBXFileReference; lastKnownFileType = sourcecode.swift; path = LandmarkList.swift; sourceTree = "<group>"; };
		9A1E60DD274A8BBC000D8784 /* LandmarkDetail.swift */ = {isa = PBXFileReference; lastKnownFileType = sourcecode.swift; path = LandmarkDetail.swift; sourceTree = "<group>"; };
		9A1E60DF274A8EA4000D8784 /* ContentView.swift */ = {isa = PBXFileReference; lastKnownFileType = sourcecode.swift; path = ContentView.swift; sourceTree = "<group>"; };
		9A9F1B3D274BD56400D7FB3A /* FavoriteButton.swift */ = {isa = PBXFileReference; lastKnownFileType = sourcecode.swift; path = FavoriteButton.swift; sourceTree = "<group>"; };
		9ABABF06273A9D3C0049D9C1 /* Landmarks.app */ = {isa = PBXFileReference; explicitFileType = wrapper.application; includeInIndex = 0; path = Landmarks.app; sourceTree = BUILT_PRODUCTS_DIR; };
		9ABABF09273A9D3C0049D9C1 /* LandmarksApp.swift */ = {isa = PBXFileReference; lastKnownFileType = sourcecode.swift; path = LandmarksApp.swift; sourceTree = "<group>"; };
		9ABABF0D273A9D3D0049D9C1 /* Assets.xcassets */ = {isa = PBXFileReference; lastKnownFileType = folder.assetcatalog; path = Assets.xcassets; sourceTree = "<group>"; };
		9ABABF10273A9D3D0049D9C1 /* Preview Assets.xcassets */ = {isa = PBXFileReference; lastKnownFileType = folder.assetcatalog; path = "Preview Assets.xcassets"; sourceTree = "<group>"; };
		9ABABF16273A9D3D0049D9C1 /* LandmarksTests.xctest */ = {isa = PBXFileReference; explicitFileType = wrapper.cfbundle; includeInIndex = 0; path = LandmarksTests.xctest; sourceTree = BUILT_PRODUCTS_DIR; };
		9ABABF1A273A9D3D0049D9C1 /* LandmarksTests.swift */ = {isa = PBXFileReference; lastKnownFileType = sourcecode.swift; path = LandmarksTests.swift; sourceTree = "<group>"; };
		9ABABF20273A9D3D0049D9C1 /* LandmarksUITests.xctest */ = {isa = PBXFileReference; explicitFileType = wrapper.cfbundle; includeInIndex = 0; path = LandmarksUITests.xctest; sourceTree = BUILT_PRODUCTS_DIR; };
		9ABABF24273A9D3D0049D9C1 /* LandmarksUITests.swift */ = {isa = PBXFileReference; lastKnownFileType = sourcecode.swift; path = LandmarksUITests.swift; sourceTree = "<group>"; };
		9ABABF26273A9D3D0049D9C1 /* LandmarksUITestsLaunchTests.swift */ = {isa = PBXFileReference; lastKnownFileType = sourcecode.swift; path = LandmarksUITestsLaunchTests.swift; sourceTree = "<group>"; };
		9ABABF33273AA6290049D9C1 /* CircleImage.swift */ = {isa = PBXFileReference; lastKnownFileType = sourcecode.swift; path = CircleImage.swift; sourceTree = "<group>"; };
		9ABABF35273AA9A90049D9C1 /* MapView.swift */ = {isa = PBXFileReference; lastKnownFileType = sourcecode.swift; path = MapView.swift; sourceTree = "<group>"; };
		9ABABF37273CE2A70049D9C1 /* landmarkData.json */ = {isa = PBXFileReference; fileEncoding = 4; lastKnownFileType = text.json; path = landmarkData.json; sourceTree = "<group>"; };
		9ABABF39273CE2DE0049D9C1 /* Landmark.swift */ = {isa = PBXFileReference; lastKnownFileType = sourcecode.swift; path = Landmark.swift; sourceTree = "<group>"; };
		9ABABF3B273CE55E0049D9C1 /* ModelData.swift */ = {isa = PBXFileReference; lastKnownFileType = sourcecode.swift; path = ModelData.swift; sourceTree = "<group>"; };
/* End PBXFileReference section */

/* Begin PBXFrameworksBuildPhase section */
		9ABABF03273A9D3C0049D9C1 /* Frameworks */ = {
			isa = PBXFrameworksBuildPhase;
			buildActionMask = 2147483647;
			files = (
			);
			runOnlyForDeploymentPostprocessing = 0;
		};
		9ABABF13273A9D3D0049D9C1 /* Frameworks */ = {
			isa = PBXFrameworksBuildPhase;
			buildActionMask = 2147483647;
			files = (
			);
			runOnlyForDeploymentPostprocessing = 0;
		};
		9ABABF1D273A9D3D0049D9C1 /* Frameworks */ = {
			isa = PBXFrameworksBuildPhase;
			buildActionMask = 2147483647;
			files = (
			);
			runOnlyForDeploymentPostprocessing = 0;
		};
/* End PBXFrameworksBuildPhase section */

/* Begin PBXGroup section */
		9A1E60D6274A55F4000D8784 /* Views */ = {
			isa = PBXGroup;
			children = (
				9A1E60D9274A564B000D8784 /* LandmarkRow.swift */,
				9A1E60DB274A57BA000D8784 /* LandmarkList.swift */,
				9A1E60DD274A8BBC000D8784 /* LandmarkDetail.swift */,
				9A1E60DF274A8EA4000D8784 /* ContentView.swift */,
			);
			path = Views;
			sourceTree = "<group>";
		};
		9A1E60D7274A55FF000D8784 /* Model */ = {
			isa = PBXGroup;
			children = (
				9ABABF39273CE2DE0049D9C1 /* Landmark.swift */,
				9ABABF3B273CE55E0049D9C1 /* ModelData.swift */,
			);
			path = Model;
			sourceTree = "<group>";
		};
		9A1E60D8274A5609000D8784 /* Resources */ = {
			isa = PBXGroup;
			children = (
				9ABABF37273CE2A70049D9C1 /* landmarkData.json */,
			);
			path = Resources;
			sourceTree = "<group>";
		};
		9A9F1B3F274BD5DF00D7FB3A /* Helpers */ = {
			isa = PBXGroup;
			children = (
				9ABABF35273AA9A90049D9C1 /* MapView.swift */,
				9ABABF33273AA6290049D9C1 /* CircleImage.swift */,
				9A9F1B3D274BD56400D7FB3A /* FavoriteButton.swift */,
			);
			path = Helpers;
			sourceTree = "<group>";
		};
		9ABABEFD273A9D3C0049D9C1 = {
			isa = PBXGroup;
			children = (
				9ABABF08273A9D3C0049D9C1 /* Landmarks */,
				9ABABF19273A9D3D0049D9C1 /* LandmarksTests */,
				9ABABF23273A9D3D0049D9C1 /* LandmarksUITests */,
				9ABABF07273A9D3C0049D9C1 /* Products */,
			);
			sourceTree = "<group>";
		};
		9ABABF07273A9D3C0049D9C1 /* Products */ = {
			isa = PBXGroup;
			children = (
				9ABABF06273A9D3C0049D9C1 /* Landmarks.app */,
				9ABABF16273A9D3D0049D9C1 /* LandmarksTests.xctest */,
				9ABABF20273A9D3D0049D9C1 /* LandmarksUITests.xctest */,
			);
			name = Products;
			sourceTree = "<group>";
		};
		9ABABF08273A9D3C0049D9C1 /* Landmarks */ = {
			isa = PBXGroup;
			children = (
				9A9F1B3F274BD5DF00D7FB3A /* Helpers */,
				9A1E60D8274A5609000D8784 /* Resources */,
				9A1E60D7274A55FF000D8784 /* Model */,
				9A1E60D6274A55F4000D8784 /* Views */,
				9ABABF09273A9D3C0049D9C1 /* LandmarksApp.swift */,
				9ABABF0D273A9D3D0049D9C1 /* Assets.xcassets */,
				9ABABF0F273A9D3D0049D9C1 /* Preview Content */,
			);
			path = Landmarks;
			sourceTree = "<group>";
		};
		9ABABF0F273A9D3D0049D9C1 /* Preview Content */ = {
			isa = PBXGroup;
			children = (
				9ABABF10273A9D3D0049D9C1 /* Preview Assets.xcassets */,
			);
			path = "Preview Content";
			sourceTree = "<group>";
		};
		9ABABF19273A9D3D0049D9C1 /* LandmarksTests */ = {
			isa = PBXGroup;
			children = (
				9ABABF1A273A9D3D0049D9C1 /* LandmarksTests.swift */,
			);
			path = LandmarksTests;
			sourceTree = "<group>";
		};
		9ABABF23273A9D3D0049D9C1 /* LandmarksUITests */ = {
			isa = PBXGroup;
			children = (
				9ABABF24273A9D3D0049D9C1 /* LandmarksUITests.swift */,
				9ABABF26273A9D3D0049D9C1 /* LandmarksUITestsLaunchTests.swift */,
			);
			path = LandmarksUITests;
			sourceTree = "<group>";
		};
/* End PBXGroup section */

/* Begin PBXNativeTarget section */
		9ABABF05273A9D3C0049D9C1 /* Landmarks */ = {
			isa = PBXNativeTarget;
			buildConfigurationList = 9ABABF2A273A9D3D0049D9C1 /* Build configuration list for PBXNativeTarget "Landmarks" */;
			buildPhases = (
				9ABABF02273A9D3C0049D9C1 /* Sources */,
				9ABABF03273A9D3C0049D9C1 /* Frameworks */,
				9ABABF04273A9D3C0049D9C1 /* Resources */,
			);
			buildRules = (
			);
			dependencies = (
			);
			name = Landmarks;
			productName = Landmarks;
			productReference = 9ABABF06273A9D3C0049D9C1 /* Landmarks.app */;
			productType = "com.apple.product-type.application";
		};
		9ABABF15273A9D3D0049D9C1 /* LandmarksTests */ = {
			isa = PBXNativeTarget;
			buildConfigurationList = 9ABABF2D273A9D3D0049D9C1 /* Build configuration list for PBXNativeTarget "LandmarksTests" */;
			buildPhases = (
				9ABABF12273A9D3D0049D9C1 /* Sources */,
				9ABABF13273A9D3D0049D9C1 /* Frameworks */,
				9ABABF14273A9D3D0049D9C1 /* Resources */,
			);
			buildRules = (
			);
			dependencies = (
				9ABABF18273A9D3D0049D9C1 /* PBXTargetDependency */,
			);
			name = LandmarksTests;
			productName = LandmarksTests;
			productReference = 9ABABF16273A9D3D0049D9C1 /* LandmarksTests.xctest */;
			productType = "com.apple.product-type.bundle.unit-test";
		};
		9ABABF1F273A9D3D0049D9C1 /* LandmarksUITests */ = {
			isa = PBXNativeTarget;
			buildConfigurationList = 9ABABF30273A9D3D0049D9C1 /* Build configuration list for PBXNativeTarget "LandmarksUITests" */;
			buildPhases = (
				9ABABF1C273A9D3D0049D9C1 /* Sources */,
				9ABABF1D273A9D3D0049D9C1 /* Frameworks */,
				9ABABF1E273A9D3D0049D9C1 /* Resources */,
			);
			buildRules = (
			);
			dependencies = (
				9ABABF22273A9D3D0049D9C1 /* PBXTargetDependency */,
			);
			name = LandmarksUITests;
			productName = LandmarksUITests;
			productReference = 9ABABF20273A9D3D0049D9C1 /* LandmarksUITests.xctest */;
			productType = "com.apple.product-type.bundle.ui-testing";
		};
/* End PBXNativeTarget section */

/* Begin PBXProject section */
		9ABABEFE273A9D3C0049D9C1 /* Project object */ = {
			isa = PBXProject;
			attributes = {
				BuildIndependentTargetsInParallel = 1;
				LastSwiftUpdateCheck = 1300;
				LastUpgradeCheck = 1300;
				TargetAttributes = {
					9ABABF05273A9D3C0049D9C1 = {
						CreatedOnToolsVersion = 13.0;
					};
					9ABABF15273A9D3D0049D9C1 = {
						CreatedOnToolsVersion = 13.0;
						TestTargetID = 9ABABF05273A9D3C0049D9C1;
					};
					9ABABF1F273A9D3D0049D9C1 = {
						CreatedOnToolsVersion = 13.0;
						TestTargetID = 9ABABF05273A9D3C0049D9C1;
					};
				};
			};
			buildConfigurationList = 9ABABF01273A9D3C0049D9C1 /* Build configuration list for PBXProject "Landmarks" */;
			compatibilityVersion = "Xcode 13.0";
			developmentRegion = en;
			hasScannedForEncodings = 0;
			knownRegions = (
				en,
				Base,
			);
			mainGroup = 9ABABEFD273A9D3C0049D9C1;
			productRefGroup = 9ABABF07273A9D3C0049D9C1 /* Products */;
			projectDirPath = "";
			projectRoot = "";
			targets = (
				9ABABF05273A9D3C0049D9C1 /* Landmarks */,
				9ABABF15273A9D3D0049D9C1 /* LandmarksTests */,
				9ABABF1F273A9D3D0049D9C1 /* LandmarksUITests */,
			);
		};
/* End PBXProject section */

/* Begin PBXResourcesBuildPhase section */
		9ABABF04273A9D3C0049D9C1 /* Resources */ = {
			isa = PBXResourcesBuildPhase;
			buildActionMask = 2147483647;
			files = (
				9ABABF11273A9D3D0049D9C1 /* Preview Assets.xcassets in Resources */,
				9ABABF0E273A9D3D0049D9C1 /* Assets.xcassets in Resources */,
				9ABABF38273CE2A70049D9C1 /* landmarkData.json in Resources */,
			);
			runOnlyForDeploymentPostprocessing = 0;
		};
		9ABABF14273A9D3D0049D9C1 /* Resources */ = {
			isa = PBXResourcesBuildPhase;
			buildActionMask = 2147483647;
			files = (
			);
			runOnlyForDeploymentPostprocessing = 0;
		};
		9ABABF1E273A9D3D0049D9C1 /* Resources */ = {
			isa = PBXResourcesBuildPhase;
			buildActionMask = 2147483647;
			files = (
			);
			runOnlyForDeploymentPostprocessing = 0;
		};
/* End PBXResourcesBuildPhase section */

/* Begin PBXSourcesBuildPhase section */
		9ABABF02273A9D3C0049D9C1 /* Sources */ = {
			isa = PBXSourcesBuildPhase;
			buildActionMask = 2147483647;
			files = (
				9ABABF36273AA9A90049D9C1 /* MapView.swift in Sources */,
				9A1E60DE274A8BBC000D8784 /* LandmarkDetail.swift in Sources */,
				9ABABF0A273A9D3C0049D9C1 /* LandmarksApp.swift in Sources */,
				9A9F1B3E274BD56400D7FB3A /* FavoriteButton.swift in Sources */,
				9A1E60DC274A57BA000D8784 /* LandmarkList.swift in Sources */,
				9ABABF34273AA6290049D9C1 /* CircleImage.swift in Sources */,
				9A1E60E0274A8EA4000D8784 /* ContentView.swift in Sources */,
				9ABABF3A273CE2DE0049D9C1 /* Landmark.swift in Sources */,
				9A1E60DA274A564B000D8784 /* LandmarkRow.swift in Sources */,
				9ABABF3C273CE55E0049D9C1 /* ModelData.swift in Sources */,
			);
			runOnlyForDeploymentPostprocessing = 0;
		};
		9ABABF12273A9D3D0049D9C1 /* Sources */ = {
			isa = PBXSourcesBuildPhase;
			buildActionMask = 2147483647;
			files = (
				9ABABF1B273A9D3D0049D9C1 /* LandmarksTests.swift in Sources */,
			);
			runOnlyForDeploymentPostprocessing = 0;
		};
		9ABABF1C273A9D3D0049D9C1 /* Sources */ = {
			isa = PBXSourcesBuildPhase;
			buildActionMask = 2147483647;
			files = (
				9ABABF27273A9D3D0049D9C1 /* LandmarksUITestsLaunchTests.swift in Sources */,
				9ABABF25273A9D3D0049D9C1 /* LandmarksUITests.swift in Sources */,
			);
			runOnlyForDeploymentPostprocessing = 0;
		};
/* End PBXSourcesBuildPhase section */

/* Begin PBXTargetDependency section */
		9ABABF18273A9D3D0049D9C1 /* PBXTargetDependency */ = {
			isa = PBXTargetDependency;
			target = 9ABABF05273A9D3C0049D9C1 /* Landmarks */;
			targetProxy = 9ABABF17273A9D3D0049D9C1 /* PBXContainerItemProxy */;
		};
		9ABABF22273A9D3D0049D9C1 /* PBXTargetDependency */ = {
			isa = PBXTargetDependency;
			target = 9ABABF05273A9D3C0049D9C1 /* Landmarks */;
			targetProxy = 9ABABF21273A9D3D0049D9C1 /* PBXContainerItemProxy */;
		};
/* End PBXTargetDependency section */

/* Begin XCBuildConfiguration section */
		9ABABF28273A9D3D0049D9C1 /* Debug */ = {
			isa = XCBuildConfiguration;
			buildSettings = {
				ALWAYS_SEARCH_USER_PATHS = NO;
				CLANG_ANALYZER_NONNULL = YES;
				CLANG_ANALYZER_NUMBER_OBJECT_CONVERSION = YES_AGGRESSIVE;
				CLANG_CXX_LANGUAGE_STANDARD = "gnu++17";
				CLANG_CXX_LIBRARY = "libc++";
				CLANG_ENABLE_MODULES = YES;
				CLANG_ENABLE_OBJC_ARC = YES;
				CLANG_ENABLE_OBJC_WEAK = YES;
				CLANG_WARN_BLOCK_CAPTURE_AUTORELEASING = YES;
				CLANG_WARN_BOOL_CONVERSION = YES;
				CLANG_WARN_COMMA = YES;
				CLANG_WARN_CONSTANT_CONVERSION = YES;
				CLANG_WARN_DEPRECATED_OBJC_IMPLEMENTATIONS = YES;
				CLANG_WARN_DIRECT_OBJC_ISA_USAGE = YES_ERROR;
				CLANG_WARN_DOCUMENTATION_COMMENTS = YES;
				CLANG_WARN_EMPTY_BODY = YES;
				CLANG_WARN_ENUM_CONVERSION = YES;
				CLANG_WARN_INFINITE_RECURSION = YES;
				CLANG_WARN_INT_CONVERSION = YES;
				CLANG_WARN_NON_LITERAL_NULL_CONVERSION = YES;
				CLANG_WARN_OBJC_IMPLICIT_RETAIN_SELF = YES;
				CLANG_WARN_OBJC_LITERAL_CONVERSION = YES;
				CLANG_WARN_OBJC_ROOT_CLASS = YES_ERROR;
				CLANG_WARN_QUOTED_INCLUDE_IN_FRAMEWORK_HEADER = YES;
				CLANG_WARN_RANGE_LOOP_ANALYSIS = YES;
				CLANG_WARN_STRICT_PROTOTYPES = YES;
				CLANG_WARN_SUSPICIOUS_MOVE = YES;
				CLANG_WARN_UNGUARDED_AVAILABILITY = YES_AGGRESSIVE;
				CLANG_WARN_UNREACHABLE_CODE = YES;
				CLANG_WARN__DUPLICATE_METHOD_MATCH = YES;
				COPY_PHASE_STRIP = NO;
				DEBUG_INFORMATION_FORMAT = dwarf;
				ENABLE_STRICT_OBJC_MSGSEND = YES;
				ENABLE_TESTABILITY = YES;
				GCC_C_LANGUAGE_STANDARD = gnu11;
				GCC_DYNAMIC_NO_PIC = NO;
				GCC_NO_COMMON_BLOCKS = YES;
				GCC_OPTIMIZATION_LEVEL = 0;
				GCC_PREPROCESSOR_DEFINITIONS = (
					"DEBUG=1",
					"$(inherited)",
				);
				GCC_WARN_64_TO_32_BIT_CONVERSION = YES;
				GCC_WARN_ABOUT_RETURN_TYPE = YES_ERROR;
				GCC_WARN_UNDECLARED_SELECTOR = YES;
				GCC_WARN_UNINITIALIZED_AUTOS = YES_AGGRESSIVE;
				GCC_WARN_UNUSED_FUNCTION = YES;
				GCC_WARN_UNUSED_VARIABLE = YES;
				IPHONEOS_DEPLOYMENT_TARGET = 15.0;
				MTL_ENABLE_DEBUG_INFO = INCLUDE_SOURCE;
				MTL_FAST_MATH = YES;
				ONLY_ACTIVE_ARCH = YES;
				SDKROOT = iphoneos;
				SWIFT_ACTIVE_COMPILATION_CONDITIONS = DEBUG;
				SWIFT_OPTIMIZATION_LEVEL = "-Onone";
			};
			name = Debug;
		};
		9ABABF29273A9D3D0049D9C1 /* Release */ = {
			isa = XCBuildConfiguration;
			buildSettings = {
				ALWAYS_SEARCH_USER_PATHS = NO;
				CLANG_ANALYZER_NONNULL = YES;
				CLANG_ANALYZER_NUMBER_OBJECT_CONVERSION = YES_AGGRESSIVE;
				CLANG_CXX_LANGUAGE_STANDARD = "gnu++17";
				CLANG_CXX_LIBRARY = "libc++";
				CLANG_ENABLE_MODULES = YES;
				CLANG_ENABLE_OBJC_ARC = YES;
				CLANG_ENABLE_OBJC_WEAK = YES;
				CLANG_WARN_BLOCK_CAPTURE_AUTORELEASING = YES;
				CLANG_WARN_BOOL_CONVERSION = YES;
				CLANG_WARN_COMMA = YES;
				CLANG_WARN_CONSTANT_CONVERSION = YES;
				CLANG_WARN_DEPRECATED_OBJC_IMPLEMENTATIONS = YES;
				CLANG_WARN_DIRECT_OBJC_ISA_USAGE = YES_ERROR;
				CLANG_WARN_DOCUMENTATION_COMMENTS = YES;
				CLANG_WARN_EMPTY_BODY = YES;
				CLANG_WARN_ENUM_CONVERSION = YES;
				CLANG_WARN_INFINITE_RECURSION = YES;
				CLANG_WARN_INT_CONVERSION = YES;
				CLANG_WARN_NON_LITERAL_NULL_CONVERSION = YES;
				CLANG_WARN_OBJC_IMPLICIT_RETAIN_SELF = YES;
				CLANG_WARN_OBJC_LITERAL_CONVERSION = YES;
				CLANG_WARN_OBJC_ROOT_CLASS = YES_ERROR;
				CLANG_WARN_QUOTED_INCLUDE_IN_FRAMEWORK_HEADER = YES;
				CLANG_WARN_RANGE_LOOP_ANALYSIS = YES;
				CLANG_WARN_STRICT_PROTOTYPES = YES;
				CLANG_WARN_SUSPICIOUS_MOVE = YES;
				CLANG_WARN_UNGUARDED_AVAILABILITY = YES_AGGRESSIVE;
				CLANG_WARN_UNREACHABLE_CODE = YES;
				CLANG_WARN__DUPLICATE_METHOD_MATCH = YES;
				COPY_PHASE_STRIP = NO;
				DEBUG_INFORMATION_FORMAT = "dwarf-with-dsym";
				ENABLE_NS_ASSERTIONS = NO;
				ENABLE_STRICT_OBJC_MSGSEND = YES;
				GCC_C_LANGUAGE_STANDARD = gnu11;
				GCC_NO_COMMON_BLOCKS = YES;
				GCC_WARN_64_TO_32_BIT_CONVERSION = YES;
				GCC_WARN_ABOUT_RETURN_TYPE = YES_ERROR;
				GCC_WARN_UNDECLARED_SELECTOR = YES;
				GCC_WARN_UNINITIALIZED_AUTOS = YES_AGGRESSIVE;
				GCC_WARN_UNUSED_FUNCTION = YES;
				GCC_WARN_UNUSED_VARIABLE = YES;
				IPHONEOS_DEPLOYMENT_TARGET = 15.0;
				MTL_ENABLE_DEBUG_INFO = NO;
				MTL_FAST_MATH = YES;
				SDKROOT = iphoneos;
				SWIFT_COMPILATION_MODE = wholemodule;
				SWIFT_OPTIMIZATION_LEVEL = "-O";
				VALIDATE_PRODUCT = YES;
			};
			name = Release;
		};
		9ABABF2B273A9D3D0049D9C1 /* Debug */ = {
			isa = XCBuildConfiguration;
			buildSettings = {
				ASSETCATALOG_COMPILER_APPICON_NAME = AppIcon;
				ASSETCATALOG_COMPILER_GLOBAL_ACCENT_COLOR_NAME = AccentColor;
				CODE_SIGN_STYLE = Automatic;
				CURRENT_PROJECT_VERSION = 1;
				DEVELOPMENT_ASSET_PATHS = "\"Landmarks/Preview Content\"";
				DEVELOPMENT_TEAM = 9Z88Z55XNQ;
				ENABLE_PREVIEWS = YES;
				GENERATE_INFOPLIST_FILE = YES;
				INFOPLIST_KEY_UIApplicationSceneManifest_Generation = YES;
				INFOPLIST_KEY_UIApplicationSupportsIndirectInputEvents = YES;
				INFOPLIST_KEY_UILaunchScreen_Generation = YES;
				INFOPLIST_KEY_UISupportedInterfaceOrientations_iPad = "UIInterfaceOrientationPortrait UIInterfaceOrientationPortraitUpsideDown UIInterfaceOrientationLandscapeLeft UIInterfaceOrientationLandscapeRight";
				INFOPLIST_KEY_UISupportedInterfaceOrientations_iPhone = "UIInterfaceOrientationPortrait UIInterfaceOrientationLandscapeLeft UIInterfaceOrientationLandscapeRight";
				IPHONEOS_DEPLOYMENT_TARGET = 15.0;
				LD_RUNPATH_SEARCH_PATHS = (
					"$(inherited)",
					"@executable_path/Frameworks",
				);
				MARKETING_VERSION = 1.0;
				PRODUCT_BUNDLE_IDENTIFIER = co.youngjae.Landmarks;
				PRODUCT_NAME = "$(TARGET_NAME)";
				SWIFT_EMIT_LOC_STRINGS = YES;
				SWIFT_VERSION = 5.0;
				TARGETED_DEVICE_FAMILY = "1,2";
			};
			name = Debug;
		};
		9ABABF2C273A9D3D0049D9C1 /* Release */ = {
			isa = XCBuildConfiguration;
			buildSettings = {
				ASSETCATALOG_COMPILER_APPICON_NAME = AppIcon;
				ASSETCATALOG_COMPILER_GLOBAL_ACCENT_COLOR_NAME = AccentColor;
				CODE_SIGN_STYLE = Automatic;
				CURRENT_PROJECT_VERSION = 1;
				DEVELOPMENT_ASSET_PATHS = "\"Landmarks/Preview Content\"";
				DEVELOPMENT_TEAM = 9Z88Z55XNQ;
				ENABLE_PREVIEWS = YES;
				GENERATE_INFOPLIST_FILE = YES;
				INFOPLIST_KEY_UIApplicationSceneManifest_Generation = YES;
				INFOPLIST_KEY_UIApplicationSupportsIndirectInputEvents = YES;
				INFOPLIST_KEY_UILaunchScreen_Generation = YES;
				INFOPLIST_KEY_UISupportedInterfaceOrientations_iPad = "UIInterfaceOrientationPortrait UIInterfaceOrientationPortraitUpsideDown UIInterfaceOrientationLandscapeLeft UIInterfaceOrientationLandscapeRight";
				INFOPLIST_KEY_UISupportedInterfaceOrientations_iPhone = "UIInterfaceOrientationPortrait UIInterfaceOrientationLandscapeLeft UIInterfaceOrientationLandscapeRight";
				IPHONEOS_DEPLOYMENT_TARGET = 15.0;
				LD_RUNPATH_SEARCH_PATHS = (
					"$(inherited)",
					"@executable_path/Frameworks",
				);
				MARKETING_VERSION = 1.0;
				PRODUCT_BUNDLE_IDENTIFIER = co.youngjae.Landmarks;
				PRODUCT_NAME = "$(TARGET_NAME)";
				SWIFT_EMIT_LOC_STRINGS = YES;
				SWIFT_VERSION = 5.0;
				TARGETED_DEVICE_FAMILY = "1,2";
			};
			name = Release;
		};
		9ABABF2E273A9D3D0049D9C1 /* Debug */ = {
			isa = XCBuildConfiguration;
			buildSettings = {
				ALWAYS_EMBED_SWIFT_STANDARD_LIBRARIES = YES;
				BUNDLE_LOADER = "$(TEST_HOST)";
				CODE_SIGN_STYLE = Automatic;
				CURRENT_PROJECT_VERSION = 1;
				DEVELOPMENT_TEAM = 9Z88Z55XNQ;
				GENERATE_INFOPLIST_FILE = YES;
				IPHONEOS_DEPLOYMENT_TARGET = 15.0;
				LD_RUNPATH_SEARCH_PATHS = (
					"$(inherited)",
					"@executable_path/Frameworks",
					"@loader_path/Frameworks",
				);
				MARKETING_VERSION = 1.0;
				PRODUCT_BUNDLE_IDENTIFIER = co.youngjae.LandmarksTests;
				PRODUCT_NAME = "$(TARGET_NAME)";
				SWIFT_EMIT_LOC_STRINGS = NO;
				SWIFT_VERSION = 5.0;
				TARGETED_DEVICE_FAMILY = "1,2";
				TEST_HOST = "$(BUILT_PRODUCTS_DIR)/Landmarks.app/Landmarks";
			};
			name = Debug;
		};
		9ABABF2F273A9D3D0049D9C1 /* Release */ = {
			isa = XCBuildConfiguration;
			buildSettings = {
				ALWAYS_EMBED_SWIFT_STANDARD_LIBRARIES = YES;
				BUNDLE_LOADER = "$(TEST_HOST)";
				CODE_SIGN_STYLE = Automatic;
				CURRENT_PROJECT_VERSION = 1;
				DEVELOPMENT_TEAM = 9Z88Z55XNQ;
				GENERATE_INFOPLIST_FILE = YES;
				IPHONEOS_DEPLOYMENT_TARGET = 15.0;
				LD_RUNPATH_SEARCH_PATHS = (
					"$(inherited)",
					"@executable_path/Frameworks",
					"@loader_path/Frameworks",
				);
				MARKETING_VERSION = 1.0;
				PRODUCT_BUNDLE_IDENTIFIER = co.youngjae.LandmarksTests;
				PRODUCT_NAME = "$(TARGET_NAME)";
				SWIFT_EMIT_LOC_STRINGS = NO;
				SWIFT_VERSION = 5.0;
				TARGETED_DEVICE_FAMILY = "1,2";
				TEST_HOST = "$(BUILT_PRODUCTS_DIR)/Landmarks.app/Landmarks";
			};
			name = Release;
		};
		9ABABF31273A9D3D0049D9C1 /* Debug */ = {
			isa = XCBuildConfiguration;
			buildSettings = {
				ALWAYS_EMBED_SWIFT_STANDARD_LIBRARIES = YES;
				CODE_SIGN_STYLE = Automatic;
				CURRENT_PROJECT_VERSION = 1;
				DEVELOPMENT_TEAM = 9Z88Z55XNQ;
				GENERATE_INFOPLIST_FILE = YES;
				LD_RUNPATH_SEARCH_PATHS = (
					"$(inherited)",
					"@executable_path/Frameworks",
					"@loader_path/Frameworks",
				);
				MARKETING_VERSION = 1.0;
				PRODUCT_BUNDLE_IDENTIFIER = co.youngjae.LandmarksUITests;
				PRODUCT_NAME = "$(TARGET_NAME)";
				SWIFT_EMIT_LOC_STRINGS = NO;
				SWIFT_VERSION = 5.0;
				TARGETED_DEVICE_FAMILY = "1,2";
				TEST_TARGET_NAME = Landmarks;
			};
			name = Debug;
		};
		9ABABF32273A9D3D0049D9C1 /* Release */ = {
			isa = XCBuildConfiguration;
			buildSettings = {
				ALWAYS_EMBED_SWIFT_STANDARD_LIBRARIES = YES;
				CODE_SIGN_STYLE = Automatic;
				CURRENT_PROJECT_VERSION = 1;
				DEVELOPMENT_TEAM = 9Z88Z55XNQ;
				GENERATE_INFOPLIST_FILE = YES;
				LD_RUNPATH_SEARCH_PATHS = (
					"$(inherited)",
					"@executable_path/Frameworks",
					"@loader_path/Frameworks",
				);
				MARKETING_VERSION = 1.0;
				PRODUCT_BUNDLE_IDENTIFIER = co.youngjae.LandmarksUITests;
				PRODUCT_NAME = "$(TARGET_NAME)";
				SWIFT_EMIT_LOC_STRINGS = NO;
				SWIFT_VERSION = 5.0;
				TARGETED_DEVICE_FAMILY = "1,2";
				TEST_TARGET_NAME = Landmarks;
			};
			name = Release;
		};
/* End XCBuildConfiguration section */

/* Begin XCConfigurationList section */
		9ABABF01273A9D3C0049D9C1 /* Build configuration list for PBXProject "Landmarks" */ = {
			isa = XCConfigurationList;
			buildConfigurations = (
				9ABABF28273A9D3D0049D9C1 /* Debug */,
				9ABABF29273A9D3D0049D9C1 /* Release */,
			);
			defaultConfigurationIsVisible = 0;
			defaultConfigurationName = Release;
		};
		9ABABF2A273A9D3D0049D9C1 /* Build configuration list for PBXNativeTarget "Landmarks" */ = {
			isa = XCConfigurationList;
			buildConfigurations = (
				9ABABF2B273A9D3D0049D9C1 /* Debug */,
				9ABABF2C273A9D3D0049D9C1 /* Release */,
			);
			defaultConfigurationIsVisible = 0;
			defaultConfigurationName = Release;
		};
		9ABABF2D273A9D3D0049D9C1 /* Build configuration list for PBXNativeTarget "LandmarksTests" */ = {
			isa = XCConfigurationList;
			buildConfigurations = (
				9ABABF2E273A9D3D0049D9C1 /* Debug */,
				9ABABF2F273A9D3D0049D9C1 /* Release */,
			);
			defaultConfigurationIsVisible = 0;
			defaultConfigurationName = Release;
		};
		9ABABF30273A9D3D0049D9C1 /* Build configuration list for PBXNativeTarget "LandmarksUITests" */ = {
			isa = XCConfigurationList;
			buildConfigurations = (
				9ABABF31273A9D3D0049D9C1 /* Debug */,
				9ABABF32273A9D3D0049D9C1 /* Release */,
			);
			defaultConfigurationIsVisible = 0;
			defaultConfigurationName = Release;
		};
/* End XCConfigurationList section */
	};
	rootObject = 9ABABEFE273A9D3C0049D9C1 /* Project object */;
}
