// !$*UTF8*$!
{
	archiveVersion = 1;
	classes = {
	};
	objectVersion = 50;
	objects = {

/* Begin PBXBuildFile section */
		9AA055F325AC852400D48413 /* AppDelegate.swift in Sources */ = {isa = PBXBuildFile; fileRef = 9AA055F225AC852400D48413 /* AppDelegate.swift */; };
		9AA055F525AC852400D48413 /* SceneDelegate.swift in Sources */ = {isa = PBXBuildFile; fileRef = 9AA055F425AC852400D48413 /* SceneDelegate.swift */; };
		9AA055FA25AC852400D48413 /* Main.storyboard in Resources */ = {isa = PBXBuildFile; fileRef = 9AA055F825AC852400D48413 /* Main.storyboard */; };
		9AA055FC25AC852500D48413 /* Assets.xcassets in Resources */ = {isa = PBXBuildFile; fileRef = 9AA055FB25AC852500D48413 /* Assets.xcassets */; };
		9AA055FF25AC852500D48413 /* LaunchScreen.storyboard in Resources */ = {isa = PBXBuildFile; fileRef = 9AA055FD25AC852500D48413 /* LaunchScreen.storyboard */; };
		9AA0560725AC8A1B00D48413 /* TableViewController.swift in Sources */ = {isa = PBXBuildFile; fileRef = 9AA0560625AC8A1B00D48413 /* TableViewController.swift */; };
		9AA0560925AC8A5D00D48413 /* AddViewController.swift in Sources */ = {isa = PBXBuildFile; fileRef = 9AA0560825AC8A5D00D48413 /* AddViewController.swift */; };
		9AA0560B25AC8A7000D48413 /* DetailViewController.swift in Sources */ = {isa = PBXBuildFile; fileRef = 9AA0560A25AC8A7000D48413 /* DetailViewController.swift */; };
		9AA0560F25AC96ED00D48413 /* clock.png in Resources */ = {isa = PBXBuildFile; fileRef = 9AA0560C25AC96ED00D48413 /* clock.png */; };
		9AA0561025AC96ED00D48413 /* pencil.png in Resources */ = {isa = PBXBuildFile; fileRef = 9AA0560D25AC96ED00D48413 /* pencil.png */; };
		9AA0561125AC96ED00D48413 /* cart.png in Resources */ = {isa = PBXBuildFile; fileRef = 9AA0560E25AC96ED00D48413 /* cart.png */; };
/* End PBXBuildFile section */

/* Begin PBXFileReference section */
		9AA055EF25AC852400D48413 /* Table.app */ = {isa = PBXFileReference; explicitFileType = wrapper.application; includeInIndex = 0; path = Table.app; sourceTree = BUILT_PRODUCTS_DIR; };
		9AA055F225AC852400D48413 /* AppDelegate.swift */ = {isa = PBXFileReference; lastKnownFileType = sourcecode.swift; path = AppDelegate.swift; sourceTree = "<group>"; };
		9AA055F425AC852400D48413 /* SceneDelegate.swift */ = {isa = PBXFileReference; lastKnownFileType = sourcecode.swift; path = SceneDelegate.swift; sourceTree = "<group>"; };
		9AA055F925AC852400D48413 /* Base */ = {isa = PBXFileReference; lastKnownFileType = file.storyboard; name = Base; path = Base.lproj/Main.storyboard; sourceTree = "<group>"; };
		9AA055FB25AC852500D48413 /* Assets.xcassets */ = {isa = PBXFileReference; lastKnownFileType = folder.assetcatalog; path = Assets.xcassets; sourceTree = "<group>"; };
		9AA055FE25AC852500D48413 /* Base */ = {isa = PBXFileReference; lastKnownFileType = file.storyboard; name = Base; path = Base.lproj/LaunchScreen.storyboard; sourceTree = "<group>"; };
		9AA0560025AC852500D48413 /* Info.plist */ = {isa = PBXFileReference; lastKnownFileType = text.plist.xml; path = Info.plist; sourceTree = "<group>"; };
		9AA0560625AC8A1B00D48413 /* TableViewController.swift */ = {isa = PBXFileReference; lastKnownFileType = sourcecode.swift; path = TableViewController.swift; sourceTree = "<group>"; };
		9AA0560825AC8A5D00D48413 /* AddViewController.swift */ = {isa = PBXFileReference; lastKnownFileType = sourcecode.swift; path = AddViewController.swift; sourceTree = "<group>"; };
		9AA0560A25AC8A7000D48413 /* DetailViewController.swift */ = {isa = PBXFileReference; lastKnownFileType = sourcecode.swift; path = DetailViewController.swift; sourceTree = "<group>"; };
		9AA0560C25AC96ED00D48413 /* clock.png */ = {isa = PBXFileReference; lastKnownFileType = image.png; path = clock.png; sourceTree = "<group>"; };
		9AA0560D25AC96ED00D48413 /* pencil.png */ = {isa = PBXFileReference; lastKnownFileType = image.png; path = pencil.png; sourceTree = "<group>"; };
		9AA0560E25AC96ED00D48413 /* cart.png */ = {isa = PBXFileReference; lastKnownFileType = image.png; path = cart.png; sourceTree = "<group>"; };
/* End PBXFileReference section */

/* Begin PBXFrameworksBuildPhase section */
		9AA055EC25AC852400D48413 /* Frameworks */ = {
			isa = PBXFrameworksBuildPhase;
			buildActionMask = 2147483647;
			files = (
			);
			runOnlyForDeploymentPostprocessing = 0;
		};
/* End PBXFrameworksBuildPhase section */

/* Begin PBXGroup section */
		9AA055E625AC852400D48413 = {
			isa = PBXGroup;
			children = (
				9AA055F125AC852400D48413 /* Table */,
				9AA055F025AC852400D48413 /* Products */,
			);
			sourceTree = "<group>";
		};
		9AA055F025AC852400D48413 /* Products */ = {
			isa = PBXGroup;
			children = (
				9AA055EF25AC852400D48413 /* Table.app */,
			);
			name = Products;
			sourceTree = "<group>";
		};
		9AA055F125AC852400D48413 /* Table */ = {
			isa = PBXGroup;
			children = (
				9AA0560E25AC96ED00D48413 /* cart.png */,
				9AA0560C25AC96ED00D48413 /* clock.png */,
				9AA0560D25AC96ED00D48413 /* pencil.png */,
				9AA055F225AC852400D48413 /* AppDelegate.swift */,
				9AA055F425AC852400D48413 /* SceneDelegate.swift */,
				9AA055F825AC852400D48413 /* Main.storyboard */,
				9AA055FB25AC852500D48413 /* Assets.xcassets */,
				9AA055FD25AC852500D48413 /* LaunchScreen.storyboard */,
				9AA0560025AC852500D48413 /* Info.plist */,
				9AA0560625AC8A1B00D48413 /* TableViewController.swift */,
				9AA0560825AC8A5D00D48413 /* AddViewController.swift */,
				9AA0560A25AC8A7000D48413 /* DetailViewController.swift */,
			);
			path = Table;
			sourceTree = "<group>";
		};
/* End PBXGroup section */

/* Begin PBXNativeTarget section */
		9AA055EE25AC852400D48413 /* Table */ = {
			isa = PBXNativeTarget;
			buildConfigurationList = 9AA0560325AC852500D48413 /* Build configuration list for PBXNativeTarget "Table" */;
			buildPhases = (
				9AA055EB25AC852400D48413 /* Sources */,
				9AA055EC25AC852400D48413 /* Frameworks */,
				9AA055ED25AC852400D48413 /* Resources */,
			);
			buildRules = (
			);
			dependencies = (
			);
			name = Table;
			productName = Table;
			productReference = 9AA055EF25AC852400D48413 /* Table.app */;
			productType = "com.apple.product-type.application";
		};
/* End PBXNativeTarget section */

/* Begin PBXProject section */
		9AA055E725AC852400D48413 /* Project object */ = {
			isa = PBXProject;
			attributes = {
				LastSwiftUpdateCheck = 1170;
				LastUpgradeCheck = 1170;
				ORGANIZATIONNAME = youngjae;
				TargetAttributes = {
					9AA055EE25AC852400D48413 = {
						CreatedOnToolsVersion = 11.7;
					};
				};
			};
			buildConfigurationList = 9AA055EA25AC852400D48413 /* Build configuration list for PBXProject "Table" */;
			compatibilityVersion = "Xcode 9.3";
			developmentRegion = en;
			hasScannedForEncodings = 0;
			knownRegions = (
				en,
				Base,
			);
			mainGroup = 9AA055E625AC852400D48413;
			productRefGroup = 9AA055F025AC852400D48413 /* Products */;
			projectDirPath = "";
			projectRoot = "";
			targets = (
				9AA055EE25AC852400D48413 /* Table */,
			);
		};
/* End PBXProject section */

/* Begin PBXResourcesBuildPhase section */
		9AA055ED25AC852400D48413 /* Resources */ = {
			isa = PBXResourcesBuildPhase;
			buildActionMask = 2147483647;
			files = (
				9AA0561025AC96ED00D48413 /* pencil.png in Resources */,
				9AA0560F25AC96ED00D48413 /* clock.png in Resources */,
				9AA055FF25AC852500D48413 /* LaunchScreen.storyboard in Resources */,
				9AA055FC25AC852500D48413 /* Assets.xcassets in Resources */,
				9AA055FA25AC852400D48413 /* Main.storyboard in Resources */,
				9AA0561125AC96ED00D48413 /* cart.png in Resources */,
			);
			runOnlyForDeploymentPostprocessing = 0;
		};
/* End PBXResourcesBuildPhase section */

/* Begin PBXSourcesBuildPhase section */
		9AA055EB25AC852400D48413 /* Sources */ = {
			isa = PBXSourcesBuildPhase;
			buildActionMask = 2147483647;
			files = (
				9AA055F325AC852400D48413 /* AppDelegate.swift in Sources */,
				9AA0560725AC8A1B00D48413 /* TableViewController.swift in Sources */,
				9AA0560B25AC8A7000D48413 /* DetailViewController.swift in Sources */,
				9AA0560925AC8A5D00D48413 /* AddViewController.swift in Sources */,
				9AA055F525AC852400D48413 /* SceneDelegate.swift in Sources */,
			);
			runOnlyForDeploymentPostprocessing = 0;
		};
/* End PBXSourcesBuildPhase section */

/* Begin PBXVariantGroup section */
		9AA055F825AC852400D48413 /* Main.storyboard */ = {
			isa = PBXVariantGroup;
			children = (
				9AA055F925AC852400D48413 /* Base */,
			);
			name = Main.storyboard;
			sourceTree = "<group>";
		};
		9AA055FD25AC852500D48413 /* LaunchScreen.storyboard */ = {
			isa = PBXVariantGroup;
			children = (
				9AA055FE25AC852500D48413 /* Base */,
			);
			name = LaunchScreen.storyboard;
			sourceTree = "<group>";
		};
/* End PBXVariantGroup section */

/* Begin XCBuildConfiguration section */
		9AA0560125AC852500D48413 /* Debug */ = {
			isa = XCBuildConfiguration;
			buildSettings = {
				ALWAYS_SEARCH_USER_PATHS = NO;
				CLANG_ANALYZER_NONNULL = YES;
				CLANG_ANALYZER_NUMBER_OBJECT_CONVERSION = YES_AGGRESSIVE;
				CLANG_CXX_LANGUAGE_STANDARD = "gnu++14";
				CLANG_CXX_LIBRARY = "libc++";
				CLANG_ENABLE_MODULES = YES;
				CLANG_ENABLE_OBJC_ARC = YES;
				CLANG_ENABLE_OBJC_WEAK = YES;
				CLANG_WARN_BLOCK_CAPTURE_AUTORELEASING = YES;
				CLANG_WARN_BOOL_CONVERSION = YES;
				CLANG_WARN_COMMA = YES;
				CLANG_WARN_CONSTANT_CONVERSION = YES;
				CLANG_WARN_DEPRECATED_OBJC_IMPLEMENTATIONS = YES;
				CLANG_WARN_DIRECT_OBJC_ISA_USAGE = YES_ERROR;
				CLANG_WARN_DOCUMENTATION_COMMENTS = YES;
				CLANG_WARN_EMPTY_BODY = YES;
				CLANG_WARN_ENUM_CONVERSION = YES;
				CLANG_WARN_INFINITE_RECURSION = YES;
				CLANG_WARN_INT_CONVERSION = YES;
				CLANG_WARN_NON_LITERAL_NULL_CONVERSION = YES;
				CLANG_WARN_OBJC_IMPLICIT_RETAIN_SELF = YES;
				CLANG_WARN_OBJC_LITERAL_CONVERSION = YES;
				CLANG_WARN_OBJC_ROOT_CLASS = YES_ERROR;
				CLANG_WARN_RANGE_LOOP_ANALYSIS = YES;
				CLANG_WARN_STRICT_PROTOTYPES = YES;
				CLANG_WARN_SUSPICIOUS_MOVE = YES;
				CLANG_WARN_UNGUARDED_AVAILABILITY = YES_AGGRESSIVE;
				CLANG_WARN_UNREACHABLE_CODE = YES;
				CLANG_WARN__DUPLICATE_METHOD_MATCH = YES;
				COPY_PHASE_STRIP = NO;
				DEBUG_INFORMATION_FORMAT = dwarf;
				ENABLE_STRICT_OBJC_MSGSEND = YES;
				ENABLE_TESTABILITY = YES;
				GCC_C_LANGUAGE_STANDARD = gnu11;
				GCC_DYNAMIC_NO_PIC = NO;
				GCC_NO_COMMON_BLOCKS = YES;
				GCC_OPTIMIZATION_LEVEL = 0;
				GCC_PREPROCESSOR_DEFINITIONS = (
					"DEBUG=1",
					"$(inherited)",
				);
				GCC_WARN_64_TO_32_BIT_CONVERSION = YES;
				GCC_WARN_ABOUT_RETURN_TYPE = YES_ERROR;
				GCC_WARN_UNDECLARED_SELECTOR = YES;
				GCC_WARN_UNINITIALIZED_AUTOS = YES_AGGRESSIVE;
				GCC_WARN_UNUSED_FUNCTION = YES;
				GCC_WARN_UNUSED_VARIABLE = YES;
				IPHONEOS_DEPLOYMENT_TARGET = 13.7;
				MTL_ENABLE_DEBUG_INFO = INCLUDE_SOURCE;
				MTL_FAST_MATH = YES;
				ONLY_ACTIVE_ARCH = YES;
				SDKROOT = iphoneos;
				SWIFT_ACTIVE_COMPILATION_CONDITIONS = DEBUG;
				SWIFT_OPTIMIZATION_LEVEL = "-Onone";
			};
			name = Debug;
		};
		9AA0560225AC852500D48413 /* Release */ = {
			isa = XCBuildConfiguration;
			buildSettings = {
				ALWAYS_SEARCH_USER_PATHS = NO;
				CLANG_ANALYZER_NONNULL = YES;
				CLANG_ANALYZER_NUMBER_OBJECT_CONVERSION = YES_AGGRESSIVE;
				CLANG_CXX_LANGUAGE_STANDARD = "gnu++14";
				CLANG_CXX_LIBRARY = "libc++";
				CLANG_ENABLE_MODULES = YES;
				CLANG_ENABLE_OBJC_ARC = YES;
				CLANG_ENABLE_OBJC_WEAK = YES;
				CLANG_WARN_BLOCK_CAPTURE_AUTORELEASING = YES;
				CLANG_WARN_BOOL_CONVERSION = YES;
				CLANG_WARN_COMMA = YES;
				CLANG_WARN_CONSTANT_CONVERSION = YES;
				CLANG_WARN_DEPRECATED_OBJC_IMPLEMENTATIONS = YES;
				CLANG_WARN_DIRECT_OBJC_ISA_USAGE = YES_ERROR;
				CLANG_WARN_DOCUMENTATION_COMMENTS = YES;
				CLANG_WARN_EMPTY_BODY = YES;
				CLANG_WARN_ENUM_CONVERSION = YES;
				CLANG_WARN_INFINITE_RECURSION = YES;
				CLANG_WARN_INT_CONVERSION = YES;
				CLANG_WARN_NON_LITERAL_NULL_CONVERSION = YES;
				CLANG_WARN_OBJC_IMPLICIT_RETAIN_SELF = YES;
				CLANG_WARN_OBJC_LITERAL_CONVERSION = YES;
				CLANG_WARN_OBJC_ROOT_CLASS = YES_ERROR;
				CLANG_WARN_RANGE_LOOP_ANALYSIS = YES;
				CLANG_WARN_STRICT_PROTOTYPES = YES;
				CLANG_WARN_SUSPICIOUS_MOVE = YES;
				CLANG_WARN_UNGUARDED_AVAILABILITY = YES_AGGRESSIVE;
				CLANG_WARN_UNREACHABLE_CODE = YES;
				CLANG_WARN__DUPLICATE_METHOD_MATCH = YES;
				COPY_PHASE_STRIP = NO;
				DEBUG_INFORMATION_FORMAT = "dwarf-with-dsym";
				ENABLE_NS_ASSERTIONS = NO;
				ENABLE_STRICT_OBJC_MSGSEND = YES;
				GCC_C_LANGUAGE_STANDARD = gnu11;
				GCC_NO_COMMON_BLOCKS = YES;
				GCC_WARN_64_TO_32_BIT_CONVERSION = YES;
				GCC_WARN_ABOUT_RETURN_TYPE = YES_ERROR;
				GCC_WARN_UNDECLARED_SELECTOR = YES;
				GCC_WARN_UNINITIALIZED_AUTOS = YES_AGGRESSIVE;
				GCC_WARN_UNUSED_FUNCTION = YES;
				GCC_WARN_UNUSED_VARIABLE = YES;
				IPHONEOS_DEPLOYMENT_TARGET = 13.7;
				MTL_ENABLE_DEBUG_INFO = NO;
				MTL_FAST_MATH = YES;
				SDKROOT = iphoneos;
				SWIFT_COMPILATION_MODE = wholemodule;
				SWIFT_OPTIMIZATION_LEVEL = "-O";
				VALIDATE_PRODUCT = YES;
			};
			name = Release;
		};
		9AA0560425AC852500D48413 /* Debug */ = {
			isa = XCBuildConfiguration;
			buildSettings = {
				ASSETCATALOG_COMPILER_APPICON_NAME = AppIcon;
				CODE_SIGN_STYLE = Automatic;
				DEVELOPMENT_TEAM = 9Z88Z55XNQ;
				INFOPLIST_FILE = Table/Info.plist;
				LD_RUNPATH_SEARCH_PATHS = (
					"$(inherited)",
					"@executable_path/Frameworks",
				);
				PRODUCT_BUNDLE_IDENTIFIER = co.deering.Table;
				PRODUCT_NAME = "$(TARGET_NAME)";
				SWIFT_VERSION = 5.0;
				TARGETED_DEVICE_FAMILY = "1,2";
			};
			name = Debug;
		};
		9AA0560525AC852500D48413 /* Release */ = {
			isa = XCBuildConfiguration;
			buildSettings = {
				ASSETCATALOG_COMPILER_APPICON_NAME = AppIcon;
				CODE_SIGN_STYLE = Automatic;
				DEVELOPMENT_TEAM = 9Z88Z55XNQ;
				INFOPLIST_FILE = Table/Info.plist;
				LD_RUNPATH_SEARCH_PATHS = (
					"$(inherited)",
					"@executable_path/Frameworks",
				);
				PRODUCT_BUNDLE_IDENTIFIER = co.deering.Table;
				PRODUCT_NAME = "$(TARGET_NAME)";
				SWIFT_VERSION = 5.0;
				TARGETED_DEVICE_FAMILY = "1,2";
			};
			name = Release;
		};
/* End XCBuildConfiguration section */

/* Begin XCConfigurationList section */
		9AA055EA25AC852400D48413 /* Build configuration list for PBXProject "Table" */ = {
			isa = XCConfigurationList;
			buildConfigurations = (
				9AA0560125AC852500D48413 /* Debug */,
				9AA0560225AC852500D48413 /* Release */,
			);
			defaultConfigurationIsVisible = 0;
			defaultConfigurationName = Release;
		};
		9AA0560325AC852500D48413 /* Build configuration list for PBXNativeTarget "Table" */ = {
			isa = XCConfigurationList;
			buildConfigurations = (
				9AA0560425AC852500D48413 /* Debug */,
				9AA0560525AC852500D48413 /* Release */,
			);
			defaultConfigurationIsVisible = 0;
			defaultConfigurationName = Release;
		};
/* End XCConfigurationList section */
	};
	rootObject = 9AA055E725AC852400D48413 /* Project object */;
}
